# This file is generated by running "yarn install" inside your project.
# Manual changes might be lost - proceed with caution!

__metadata:
  version: 10
  cacheKey: 10c0

"@actions/cache@npm:^6.1.0":
  version: 6.1.0
  resolution: "@actions/cache@npm:6.1.0"
  dependencies:
    "@actions/core": "npm:^3.0.1"
    "@actions/exec": "npm:^3.0.0"
    "@actions/glob": "npm:^0.6.1"
    "@actions/http-client": "npm:^4.0.1"
    "@actions/io": "npm:^3.0.2"
    "@azure/core-rest-pipeline": "npm:^1.23.0"
    "@azure/storage-blob": "npm:^12.31.0"
    "@protobuf-ts/runtime-rpc": "npm:^2.11.1"
    semver: "npm:^7.7.4"
  checksum: 10c0/a2a0febf378e0be4b958a393def20db0043cc71f2a83daae85a02b56f090483ddd2765a42a3cc9ec50906be545631f0ca9511aebc93748e09a9faa2803f3a070
  languageName: node
  linkType: hard

"@actions/core@npm:^3.0.0, @actions/core@npm:^3.0.1":
  version: 3.0.1
  resolution: "@actions/core@npm:3.0.1"
  dependencies:
    "@actions/exec": "npm:^3.0.0"
    "@actions/http-client": "npm:^4.0.0"
  checksum: 10c0/c1b86364e923e8b1bdcd338943d453c114b2cd8eb9507e07b7614679ea15ddf938b3bb75484aaf363bc3aa55ba926b9514ec08d79811a991f75c732a76c4d854
  languageName: node
  linkType: hard

"@actions/exec@npm:^3.0.0":
  version: 3.0.0
  resolution: "@actions/exec@npm:3.0.0"
  dependencies:
    "@actions/io": "npm:^3.0.2"
  checksum: 10c0/5e4357cd8538ae8d94ffef653559202e7d18db18c5ecccd2c943b4aab989df9cf4e466fcc3c4405887a3c30b88e87b89fb7c7f5b179622d1192525ec891f0274
  languageName: node
  linkType: hard

"@actions/glob@npm:^0.6.1":
  version: 0.6.1
  resolution: "@actions/glob@npm:0.6.1"
  dependencies:
    "@actions/core": "npm:^3.0.0"
    minimatch: "npm:^3.0.4"
  checksum: 10c0/754832b67bb269be42a450bcdd50a214f9b77dc69f1e62934433537ae7571bea2ab41a80530dce3d9d0b24eae6fa32a37edcc2fff0bdb44199643026ba3c7fd6
  languageName: node
  linkType: hard

"@actions/http-client@npm:^4.0.0, @actions/http-client@npm:^4.0.1":
  version: 4.0.1
  resolution: "@actions/http-client@npm:4.0.1"
  dependencies:
    tunnel: "npm:^0.0.6"
    undici: "npm:^6.23.0"
  checksum: 10c0/2470880a461e00bfeee13462f05f089542af2a6da02bfd73422c549119a5078fbf2cc0c6d3f64d4e5a9df5aeef7f0cf08925a41793c136631ac2ec55dc7a697d
  languageName: node
  linkType: hard

"@actions/io@npm:^3.0.2":
  version: 3.0.2
  resolution: "@actions/io@npm:3.0.2"
  checksum: 10c0/25fae323886544f965e90ab9655e3fb60816eb379c78418c4b06a5dc9da27810eb5b0bd0629146dbd5482a03e3c60a5b8713223e4f789abede23df643ddcae8c
  languageName: node
  linkType: hard

"@azure/abort-controller@npm:^2.0.0, @azure/abort-controller@npm:^2.1.2":
  version: 2.1.2
  resolution: "@azure/abort-controller@npm:2.1.2"
  dependencies:
    tslib: "npm:^2.6.2"
  checksum: 10c0/3771b6820e33ebb56e79c7c68e2288296b8c2529556fbd29cf4cf2fbff7776e7ce1120072972d8df9f1bf50e2c3224d71a7565362b589595563f710b8c3d7b79
  languageName: node
  linkType: hard

"@azure/core-auth@npm:^1.10.0, @azure/core-auth@npm:^1.9.0":
  version: 1.10.1
  resolution: "@azure/core-auth@npm:1.10.1"
  dependencies:
    "@azure/abort-controller": "npm:^2.1.2"
    "@azure/core-util": "npm:^1.13.0"
    tslib: "npm:^2.6.2"
  checksum: 10c0/83fd96e43cf8ca3e1cf6c7677915ca1433d6e331cb7352b64a3f93d9fd71dcddf77e8b46f2bb2a5db49ce87016ed30ebaca88034a0acf321e86ba17c0eb3329e
  languageName: node
  linkType: hard

"@azure/core-client@npm:^1.9.3":
  version: 1.10.2
  resolution: "@azure/core-client@npm:1.10.2"
  dependencies:
    "@azure/abort-controller": "npm:^2.1.2"
    "@azure/core-auth": "npm:^1.10.0"
    "@azure/core-rest-pipeline": "npm:^1.22.0"
    "@azure/core-tracing": "npm:^1.3.0"
    "@azure/core-util": "npm:^1.13.0"
    "@azure/logger": "npm:^1.3.0"
    tslib: "npm:^2.6.2"
  checksum: 10c0/9828937b8a7fbb51c9c89e958bd24d4800af6ea5976c9446d6121de090eb867518e861e2801f9bfd65247822294841aed3a7e77ec8e9b8ebe42711d9cf3d7887
  languageName: node
  linkType: hard

"@azure/core-http-compat@npm:^2.2.0":
  version: 2.4.0
  resolution: "@azure/core-http-compat@npm:2.4.0"
  dependencies:
    "@azure/abort-controller": "npm:^2.1.2"
  peerDependencies:
    "@azure/core-client": ^1.10.0
    "@azure/core-rest-pipeline": ^1.22.0
  checksum: 10c0/160cdd9c4f8bae7ad60099586dcd3316d725d2969d90806ffb7705258d7fa459ee5fb98319def6b5c75881bc8063ce2da031497f457e8ebd36e512adce965967
  languageName: node
  linkType: hard

"@azure/core-lro@npm:^2.2.0":
  version: 2.7.2
  resolution: "@azure/core-lro@npm:2.7.2"
  dependencies:
    "@azure/abort-controller": "npm:^2.0.0"
    "@azure/core-util": "npm:^1.2.0"
    "@azure/logger": "npm:^1.0.0"
    tslib: "npm:^2.6.2"
  checksum: 10c0/bee809e47661b40021bbbedf88de54019715fdfcc95ac552b1d901719c29d78e293eeab51257b8f5155aac768eb4ea420715004d00d6e32109f5f97db5960d39
  languageName: node
  linkType: hard

"@azure/core-paging@npm:^1.6.2":
  version: 1.6.2
  resolution: "@azure/core-paging@npm:1.6.2"
  dependencies:
    tslib: "npm:^2.6.2"
  checksum: 10c0/c727782f8dc66eff50c03421af2ca55f497f33e14ec845f5918d76661c57bc8e3a7ca9fa3d39181287bfbfa45f28cb3d18b67c31fd36bbe34146387dbd07b440
  languageName: node
  linkType: hard

"@azure/core-rest-pipeline@npm:^1.19.1, @azure/core-rest-pipeline@npm:^1.22.0, @azure/core-rest-pipeline@npm:^1.23.0, @azure/core-rest-pipeline@npm:^1.24.0":
  version: 1.24.0
  resolution: "@azure/core-rest-pipeline@npm:1.24.0"
  dependencies:
    "@azure/abort-controller": "npm:^2.1.2"
    "@azure/core-auth": "npm:^1.10.0"
    "@azure/core-tracing": "npm:^1.3.0"
    "@azure/core-util": "npm:^1.13.0"
    "@azure/logger": "npm:^1.3.0"
    "@typespec/ts-http-runtime": "npm:^0.3.4"
    tslib: "npm:^2.6.2"
  checksum: 10c0/4ae0eca54641108ad754e5e73384a74a4c1f453660c293c06f528a27fc089abfb3cbfebad8a773f4abd2e3cdb9f88163f6050d440fb834f16d557a705f63e7d9
  languageName: node
  linkType: hard

"@azure/core-tracing@npm:^1.2.0, @azure/core-tracing@npm:^1.3.0":
  version: 1.3.1
  resolution: "@azure/core-tracing@npm:1.3.1"
  dependencies:
    tslib: "npm:^2.6.2"
  checksum: 10c0/0cb26db9ab5336a1867cc9cd0bd42b1702406d0f76420385789d1a96c8702a38cb081838ea73cd707bb7b340c4386499cf6e77538cacfda4467c251fe2ffa32b
  languageName: node
  linkType: hard

"@azure/core-util@npm:^1.11.0, @azure/core-util@npm:^1.13.0, @azure/core-util@npm:^1.2.0":
  version: 1.13.1
  resolution: "@azure/core-util@npm:1.13.1"
  dependencies:
    "@azure/abort-controller": "npm:^2.1.2"
    "@typespec/ts-http-runtime": "npm:^0.3.0"
    tslib: "npm:^2.6.2"
  checksum: 10c0/37067621cdac933c51775c26648fdcea315f07b08bd875cff4610e403eabf9c12532525f0bf094e258dadc03a55d35f12c9242f662526847b32c85cdcc2d6603
  languageName: node
  linkType: hard

"@azure/core-xml@npm:^1.4.5":
  version: 1.5.1
  resolution: "@azure/core-xml@npm:1.5.1"
  dependencies:
    fast-xml-parser: "npm:^5.5.9"
    tslib: "npm:^2.8.1"
  checksum: 10c0/8190762e96104e7ae58d6db98744e609aea5d06b8e4c44883dc99be5ae242b9fb258741f2a101221bb315eeb322b9b2e580d68725b5861aa6b44600283c841b7
  languageName: node
  linkType: hard

"@azure/logger@npm:^1.0.0, @azure/logger@npm:^1.1.4, @azure/logger@npm:^1.3.0":
  version: 1.3.0
  resolution: "@azure/logger@npm:1.3.0"
  dependencies:
    "@typespec/ts-http-runtime": "npm:^0.3.0"
    tslib: "npm:^2.6.2"
  checksum: 10c0/aaa6a88fd4f26d41100865ff2c53b400347f632d315d9ae8ffa28db03974d35461e743031bdca40cad617ace172d1ba598ffdd18c345ebc564f63a51c32c4a29
  languageName: node
  linkType: hard

"@azure/storage-blob@npm:^12.31.0":
  version: 12.33.0
  resolution: "@azure/storage-blob@npm:12.33.0"
  dependencies:
    "@azure/abort-controller": "npm:^2.1.2"
    "@azure/core-auth": "npm:^1.9.0"
    "@azure/core-client": "npm:^1.9.3"
    "@azure/core-http-compat": "npm:^2.2.0"
    "@azure/core-lro": "npm:^2.2.0"
    "@azure/core-paging": "npm:^1.6.2"
    "@azure/core-rest-pipeline": "npm:^1.19.1"
    "@azure/core-tracing": "npm:^1.2.0"
    "@azure/core-util": "npm:^1.11.0"
    "@azure/core-xml": "npm:^1.4.5"
    "@azure/logger": "npm:^1.1.4"
    "@azure/storage-common": "npm:^12.4.1"
    events: "npm:^3.0.0"
    tslib: "npm:^2.8.1"
  checksum: 10c0/a6699604afb7b55392cf557382045464cba309b3d28e20f0d46b88b56b8c2314000925172c040cbe62c641f72f8ae5fccd8db0e8896247d0ae9fbe8e3ecb73ac
  languageName: node
  linkType: hard

"@azure/storage-common@npm:^12.4.1":
  version: 12.4.1
  resolution: "@azure/storage-common@npm:12.4.1"
  dependencies:
    "@azure/abort-controller": "npm:^2.1.2"
    "@azure/core-auth": "npm:^1.9.0"
    "@azure/core-http-compat": "npm:^2.2.0"
    "@azure/core-rest-pipeline": "npm:^1.24.0"
    "@azure/core-tracing": "npm:^1.2.0"
    "@azure/core-util": "npm:^1.11.0"
    "@azure/logger": "npm:^1.1.4"
    events: "npm:^3.3.0"
    tslib: "npm:^2.8.1"
  checksum: 10c0/a080e69456b2bd1e95444734f99cc60e32a9388e8eb154245eaf1933faa648838a102c8a5ff180471476bd28f63ee4eb3430d36ec26552972a926b5295edd937
  languageName: node
  linkType: hard

"@isaacs/fs-minipass@npm:^4.0.0":
  version: 4.0.1
  resolution: "@isaacs/fs-minipass@npm:4.0.1"
  dependencies:
    minipass: "npm:^7.0.4"
  checksum: 10c0/c25b6dc1598790d5b55c0947a9b7d111cfa92594db5296c3b907e2f533c033666f692a3939eadac17b1c7c40d362d0b0635dc874cbfe3e70db7c2b07cc97a5d2
  languageName: node
  linkType: hard

"@nodable/entities@npm:^2.2.0":
  version: 2.2.0
  resolution: "@nodable/entities@npm:2.2.0"
  checksum: 10c0/a5ace5b2f747ae5b851f68a1731526c3e10feacde80469415d15a0df0e960251b515e3cd4ea080a3534e0610ac74b0d3252f607ef2f536bcc97e22d324231578
  languageName: node
  linkType: hard

"@protobuf-ts/runtime-rpc@npm:^2.11.1":
  version: 2.11.1
  resolution: "@protobuf-ts/runtime-rpc@npm:2.11.1"
  dependencies:
    "@protobuf-ts/runtime": "npm:^2.11.1"
  checksum: 10c0/20337ea721a619a93c3888fbbe768c8334a8ed67a759a33aefb2a5c587fff690ca8fcb8dc97f9b7590012d9f4c43a6b9020f72dd2fc57f004c26eeca93a51982
  languageName: node
  linkType: hard

"@protobuf-ts/runtime@npm:^2.11.1":
  version: 2.11.1
  resolution: "@protobuf-ts/runtime@npm:2.11.1"
  checksum: 10c0/6071c0373251e915cebb449fb7bf3254e946534edf4c4eb6e89933989a3ab5dcb148ed82cc0ea844bbc2f4346d0dc76f852c2b5f900a6bdaa35e5fb2cb4666f9
  languageName: node
  linkType: hard

"@types/node@npm:*":
  version: 26.0.1
  resolution: "@types/node@npm:26.0.1"
  dependencies:
    undici-types: "npm:~8.3.0"
  checksum: 10c0/31d204333c70124da6bcac7d1f27d8980149fe3f95a8419bfcd19c3e5823705c0e370d71ac34399352e1263b2d5fc41c87af964ec81e5a05a32224d65d8d224e
  languageName: node
  linkType: hard

"@types/node@npm:^24.13.2":
  version: 24.13.2
  resolution: "@types/node@npm:24.13.2"
  dependencies:
    undici-types: "npm:~7.18.0"
  checksum: 10c0/d7d48a88a4feb0a6aac3cbfaf9ef3b12752b4b09447f88dd0b4c77c03b281e3d4330fe6982a99aedcd63fc16c7540a0c248b91eb2abb0b3edd884d7fe684e9ea
  languageName: node
  linkType: hard

"@types/yauzl@npm:^3.4.0":
  version: 3.4.0
  resolution: "@types/yauzl@npm:3.4.0"
  dependencies:
    "@types/node": "npm:*"
  checksum: 10c0/9992cf7bf129466016baa4e99e05ad524afe2ff6e5d84e7408f2a7123bc4af3b4bfb639237308574b80e7e435571b6e1af6113910d166e8ea8b80da422ba8ecb
  languageName: node
  linkType: hard

"@typespec/ts-http-runtime@npm:^0.3.0, @typespec/ts-http-runtime@npm:^0.3.4":
  version: 0.3.6
  resolution: "@typespec/ts-http-runtime@npm:0.3.6"
  dependencies:
    http-proxy-agent: "npm:^7.0.0"
    https-proxy-agent: "npm:^7.0.0"
    tslib: "npm:^2.6.2"
  checksum: 10c0/7e530e0272c908a1833193900bfa3ed021b090559c48498d59a0c242e3489f8fcfd3ead0fe7dd8bac6aa783c305d3668ab795a27056cb3ef8cc3b5ea45d49158
  languageName: node
  linkType: hard

"@vercel/ncc@npm:^0.44.1":
  version: 0.44.1
  resolution: "@vercel/ncc@npm:0.44.1"
  dependencies:
    node-gyp: "npm:latest"
  bin:
    ncc: dist/ncc/cli.js
  checksum: 10c0/7747278179716cbb460a25b27c9d3845740298afbfb64bf02cb3e82f878fc21eb60b7a077111bdc6f320e90a466ce49fc49108dcd455dc5eb6a5adae2d07758e
  languageName: node
  linkType: hard

"abbrev@npm:^5.0.0":
  version: 5.0.0
  resolution: "abbrev@npm:5.0.0"
  checksum: 10c0/8e88f5c798ea4562d28c5a3e9ad69e3879890bc5d695d8f2dffb8609be4c890aacc8f80ef4553fdd2c6a62d70c2ce8bc57b38074e383beb7487bdafa9ed42ea5
  languageName: node
  linkType: hard

"action-setup-vcpkg@workspace:.":
  version: 0.0.0-use.local
  resolution: "action-setup-vcpkg@workspace:."
  dependencies:
    "@actions/cache": "npm:^6.1.0"
    "@actions/core": "npm:^3.0.1"
    "@types/node": "npm:^24.13.2"
    "@types/yauzl": "npm:^3.4.0"
    "@vercel/ncc": "npm:^0.44.1"
    ajv: "npm:^8.20.0"
    ajv-formats: "npm:^3.0.1"
    typescript: "npm:^6.0.3"
    yauzl: "npm:^3.4.0"
  languageName: unknown
  linkType: soft

"agent-base@npm:^7.1.0, agent-base@npm:^7.1.2":
  version: 7.1.4
  resolution: "agent-base@npm:7.1.4"
  checksum: 10c0/c2c9ab7599692d594b6a161559ada307b7a624fa4c7b03e3afdb5a5e31cd0e53269115b620fcab024c5ac6a6f37fa5eb2e004f076ad30f5f7e6b8b671f7b35fe
  languageName: node
  linkType: hard

"ajv-formats@npm:^3.0.1":
  version: 3.0.1
  resolution: "ajv-formats@npm:3.0.1"
  dependencies:
    ajv: "npm:^8.0.0"
  peerDependencies:
    ajv: ^8.0.0
  peerDependenciesMeta:
    ajv:
      optional: true
  checksum: 10c0/168d6bca1ea9f163b41c8147bae537e67bd963357a5488a1eaf3abe8baa8eec806d4e45f15b10767e6020679315c7e1e5e6803088dfb84efa2b4e9353b83dd0a
  languageName: node
  linkType: hard

"ajv@npm:^8.0.0, ajv@npm:^8.20.0":
  version: 8.20.0
  resolution: "ajv@npm:8.20.0"
  dependencies:
    fast-deep-equal: "npm:^3.1.3"
    fast-uri: "npm:^3.0.1"
    json-schema-traverse: "npm:^1.0.0"
    require-from-string: "npm:^2.0.2"
  checksum: 10c0/5df9a1c8f83863cde1bd3a9ddb426f599718f88e3dc9153616c79fb28e0be455335830d7f21d745576519f057b371352daa31047b6a33d7036fe08777d60cf2a
  languageName: node
  linkType: hard

"anynum@npm:^1.0.1":
  version: 1.0.1
  resolution: "anynum@npm:1.0.1"
  checksum: 10c0/cfda92c9215722fc4b15faa33d0eb3d5dfd28fba6cb67c1f50d214feaa7ba6497814a3e110777853585de6d91c8c962a1ae425b637d3598d9f9d8f6f6802e5bb
  languageName: node
  linkType: hard

"balanced-match@npm:^1.0.0":
  version: 1.0.2
  resolution: "balanced-match@npm:1.0.2"
  checksum: 10c0/9308baf0a7e4838a82bbfd11e01b1cb0f0cf2893bc1676c27c2a8c0e70cbae1c59120c3268517a8ae7fb6376b4639ef81ca22582611dbee4ed28df945134aaee
  languageName: node
  linkType: hard

"brace-expansion@npm:^1.1.7":
  version: 1.1.15
  resolution: "brace-expansion@npm:1.1.15"
  dependencies:
    balanced-match: "npm:^1.0.0"
    concat-map: "npm:0.0.1"
  checksum: 10c0/648e273f57cfa9ed67d8a77bdb15b408205465d33da9331808ee3c188d8b55674c9cdbf1f320b65bc562e485e1263360ae62ad355e128e0435891f6430e795d7
  languageName: node
  linkType: hard

"chownr@npm:^3.0.0":
  version: 3.0.0
  resolution: "chownr@npm:3.0.0"
  checksum: 10c0/43925b87700f7e3893296c8e9c56cc58f926411cce3a6e5898136daaf08f08b9a8eb76d37d3267e707d0dcc17aed2e2ebdf5848c0c3ce95cf910a919935c1b10
  languageName: node
  linkType: hard

"concat-map@npm:0.0.1":
  version: 0.0.1
  resolution: "concat-map@npm:0.0.1"
  checksum: 10c0/c996b1cfdf95b6c90fee4dae37e332c8b6eb7d106430c17d538034c0ad9a1630cb194d2ab37293b1bdd4d779494beee7786d586a50bd9376fd6f7bcc2bd4c98f
  languageName: node
  linkType: hard

"debug@npm:4, debug@npm:^4.3.4":
  version: 4.4.3
  resolution: "debug@npm:4.4.3"
  dependencies:
    ms: "npm:^2.1.3"
  peerDependenciesMeta:
    supports-color:
      optional: true
  checksum: 10c0/d79136ec6c83ecbefd0f6a5593da6a9c91ec4d7ddc4b54c883d6e71ec9accb5f67a1a5e96d00a328196b5b5c86d365e98d8a3a70856aaf16b4e7b1985e67f5a6
  languageName: node
  linkType: hard

"env-paths@npm:^2.2.0":
  version: 2.2.1
  resolution: "env-paths@npm:2.2.1"
  checksum: 10c0/285325677bf00e30845e330eec32894f5105529db97496ee3f598478e50f008c5352a41a30e5e72ec9de8a542b5a570b85699cd63bd2bc646dbcb9f311d83bc4
  languageName: node
  linkType: hard

"events@npm:^3.0.0, events@npm:^3.3.0":
  version: 3.3.0
  resolution: "events@npm:3.3.0"
  checksum: 10c0/d6b6f2adbccbcda74ddbab52ed07db727ef52e31a61ed26db9feb7dc62af7fc8e060defa65e5f8af9449b86b52cc1a1f6a79f2eafcf4e62add2b7a1fa4a432f6
  languageName: node
  linkType: hard

"exponential-backoff@npm:^3.1.1":
  version: 3.1.3
  resolution: "exponential-backoff@npm:3.1.3"
  checksum: 10c0/77e3ae682b7b1f4972f563c6dbcd2b0d54ac679e62d5d32f3e5085feba20483cf28bd505543f520e287a56d4d55a28d7874299941faf637e779a1aa5994d1267
  languageName: node
  linkType: hard

"fast-deep-equal@npm:^3.1.3":
  version: 3.1.3
  resolution: "fast-deep-equal@npm:3.1.3"
  checksum: 10c0/40dedc862eb8992c54579c66d914635afbec43350afbbe991235fdcb4e3a8d5af1b23ae7e79bef7d4882d0ecee06c3197488026998fb19f72dc95acff1d1b1d0
  languageName: node
  linkType: hard

"fast-uri@npm:^3.0.1":
  version: 3.1.3
  resolution: "fast-uri@npm:3.1.3"
  checksum: 10c0/0ce405815546770ad7e730b8f8fd58db80cefe4533ee99ee1a3263f11d2ccc3b8a0cf10d6cd9ba590e9746eb43b60f2ef2631d0c379a9ebba063ce0d4076b109
  languageName: node
  linkType: hard

"fast-xml-builder@npm:^1.2.0":
  version: 1.2.0
  resolution: "fast-xml-builder@npm:1.2.0"
  dependencies:
    path-expression-matcher: "npm:^1.5.0"
    xml-naming: "npm:^0.1.0"
  checksum: 10c0/84bb105cd04e91d6dcb746c4dbaeb12903b510e7ab9a06ffde55b5a582e005559a87d84467f18a655c6c4baf098f696fd74cee3cbe1aea9d01385907768ba32d
  languageName: node
  linkType: hard

"fast-xml-parser@npm:^5.5.9":
  version: 5.9.3
  resolution: "fast-xml-parser@npm:5.9.3"
  dependencies:
    "@nodable/entities": "npm:^2.2.0"
    fast-xml-builder: "npm:^1.2.0"
    is-unsafe: "npm:^1.0.1"
    path-expression-matcher: "npm:^1.5.0"
    strnum: "npm:^2.4.1"
    xml-naming: "npm:^0.1.0"
  bin:
    fxparser: src/cli/cli.js
  checksum: 10c0/0f4f4b98aec027334be1d4462c6e09649bda8dd8bd1c75f6e985f4000ce4a40ea4540745fa7ac081cd65bf462b0c22fce87da9abc5ede51c9727398c91cacd5f
  languageName: node
  linkType: hard

"fdir@npm:^6.5.0":
  version: 6.5.0
  resolution: "fdir@npm:6.5.0"
  peerDependencies:
    picomatch: ^3 || ^4
  peerDependenciesMeta:
    picomatch:
      optional: true
  checksum: 10c0/e345083c4306b3aed6cb8ec551e26c36bab5c511e99ea4576a16750ddc8d3240e63826cc624f5ae17ad4dc82e68a253213b60d556c11bfad064b7607847ed07f
  languageName: node
  linkType: hard

"graceful-fs@npm:^4.2.6":
  version: 4.2.11
  resolution: "graceful-fs@npm:4.2.11"
  checksum: 10c0/386d011a553e02bc594ac2ca0bd6d9e4c22d7fa8cfbfc448a6d148c59ea881b092db9dbe3547ae4b88e55f1b01f7c4a2ecc53b310c042793e63aa44cf6c257f2
  languageName: node
  linkType: hard

"http-proxy-agent@npm:^7.0.0":
  version: 7.0.2
  resolution: "http-proxy-agent@npm:7.0.2"
  dependencies:
    agent-base: "npm:^7.1.0"
    debug: "npm:^4.3.4"
  checksum: 10c0/4207b06a4580fb85dd6dff521f0abf6db517489e70863dca1a0291daa7f2d3d2d6015a57bd702af068ea5cf9f1f6ff72314f5f5b4228d299c0904135d2aef921
  languageName: node
  linkType: hard

"https-proxy-agent@npm:^7.0.0":
  version: 7.0.6
  resolution: "https-proxy-agent@npm:7.0.6"
  dependencies:
    agent-base: "npm:^7.1.2"
    debug: "npm:4"
  checksum: 10c0/f729219bc735edb621fa30e6e84e60ee5d00802b8247aac0d7b79b0bd6d4b3294737a337b93b86a0bd9e68099d031858a39260c976dc14cdbba238ba1f8779ac
  languageName: node
  linkType: hard

"is-unsafe@npm:^1.0.1":
  version: 1.0.1
  resolution: "is-unsafe@npm:1.0.1"
  checksum: 10c0/93c6d4784dee35f32357718bad5b39f9ec6cd051e2103885a803e673a9b408f46bd87c4776eed4f9742f9f35b0d83e6411549c6afcd01884ded1aa8fbbc651b9
  languageName: node
  linkType: hard

"isexe@npm:^4.0.0":
  version: 4.0.0
  resolution: "isexe@npm:4.0.0"
  checksum: 10c0/5884815115bceac452877659a9c7726382531592f43dc29e5d48b7c4100661aed54018cb90bd36cb2eaeba521092570769167acbb95c18d39afdccbcca06c5ce
  languageName: node
  linkType: hard

"json-schema-traverse@npm:^1.0.0":
  version: 1.0.0
  resolution: "json-schema-traverse@npm:1.0.0"
  checksum: 10c0/71e30015d7f3d6dc1c316d6298047c8ef98a06d31ad064919976583eb61e1018a60a0067338f0f79cabc00d84af3fcc489bd48ce8a46ea165d9541ba17fb30c6
  languageName: node
  linkType: hard

"minimatch@npm:^3.0.4":
  version: 3.1.5
  resolution: "minimatch@npm:3.1.5"
  dependencies:
    brace-expansion: "npm:^1.1.7"
  checksum: 10c0/2ecbdc0d33f07bddb0315a8b5afbcb761307a8778b48f0b312418ccbced99f104a2d17d8aca7573433c70e8ccd1c56823a441897a45e384ea76ef401a26ace70
  languageName: node
  linkType: hard

"minipass@npm:^7.0.4, minipass@npm:^7.1.2":
  version: 7.1.3
  resolution: "minipass@npm:7.1.3"
  checksum: 10c0/539da88daca16533211ea5a9ee98dc62ff5742f531f54640dd34429e621955e91cc280a91a776026264b7f9f6735947629f920944e9c1558369e8bf22eb33fbb
  languageName: node
  linkType: hard

"minizlib@npm:^3.1.0":
  version: 3.1.0
  resolution: "minizlib@npm:3.1.0"
  dependencies:
    minipass: "npm:^7.1.2"
  checksum: 10c0/5aad75ab0090b8266069c9aabe582c021ae53eb33c6c691054a13a45db3b4f91a7fb1bd79151e6b4e9e9a86727b522527c0a06ec7d45206b745d54cd3097bcec
  languageName: node
  linkType: hard

"ms@npm:^2.1.3":
  version: 2.1.3
  resolution: "ms@npm:2.1.3"
  checksum: 10c0/d924b57e7312b3b63ad21fc5b3dc0af5e78d61a1fc7cfb5457edaf26326bf62be5307cc87ffb6862ef1c2b33b0233cdb5d4f01c4c958cc0d660948b65a287a48
  languageName: node
  linkType: hard

"node-gyp@npm:latest":
  version: 13.0.0
  resolution: "node-gyp@npm:13.0.0"
  dependencies:
    env-paths: "npm:^2.2.0"
    exponential-backoff: "npm:^3.1.1"
    graceful-fs: "npm:^4.2.6"
    nopt: "npm:^10.0.0"
    proc-log: "npm:^7.0.0"
    semver: "npm:^7.3.5"
    tar: "npm:^7.5.4"
    tinyglobby: "npm:^0.2.12"
    undici: "npm:^6.25.0"
    which: "npm:^7.0.0"
  bin:
    node-gyp: bin/node-gyp.js
  checksum: 10c0/e7525c427db2d16aa368b8947187de83083d2a8dda23e3e096a71c22ae637ac5bb8ed7cf6c871f1b9118cd2729dbfee4ff3a4245e2b79226900227b15831b492
  languageName: node
  linkType: hard

"nopt@npm:^10.0.0":
  version: 10.0.1
  resolution: "nopt@npm:10.0.1"
  dependencies:
    abbrev: "npm:^5.0.0"
  bin:
    nopt: bin/nopt.js
  checksum: 10c0/980d89257f9587f3e1f77877ddbf905d6aa3b738ec33e49a4fa1a059a0dd82eb28063982b150654a7ae9de386f2ead60e56172db7d37cf56de545f7392a2a26a
  languageName: node
  linkType: hard

"path-expression-matcher@npm:^1.5.0":
  version: 1.6.1
  resolution: "path-expression-matcher@npm:1.6.1"
  checksum: 10c0/6d3bee01db16d8d3ad799aa6179785357a1277e227a44a4bff3ed5c7fcfb37325db596492c06356d8c82c097381c868ebc61b2e46a9363b35a1e007b7b902ee8
  languageName: node
  linkType: hard

"pend@npm:~1.2.0":
  version: 1.2.0
  resolution: "pend@npm:1.2.0"
  checksum: 10c0/8a87e63f7a4afcfb0f9f77b39bb92374afc723418b9cb716ee4257689224171002e07768eeade4ecd0e86f1fa3d8f022994219fb45634f2dbd78c6803e452458
  languageName: node
  linkType: hard

"picomatch@npm:^4.0.4":
  version: 4.0.4
  resolution: "picomatch@npm:4.0.4"
  checksum: 10c0/e2c6023372cc7b5764719a5ffb9da0f8e781212fa7ca4bd0562db929df8e117460f00dff3cb7509dacfc06b86de924b247f504d0ce1806a37fac4633081466b0
  languageName: node
  linkType: hard

"proc-log@npm:^7.0.0":
  version: 7.0.0
  resolution: "proc-log@npm:7.0.0"
  checksum: 10c0/b89c2d862604f35fec795477b0c7e376feab3ba0d4f4d291c4e959567442697cf451ac557d0623c1cc38af45a78128b983410f397a10c5d3a67f76c33de4754b
  languageName: node
  linkType: hard

"require-from-string@npm:^2.0.2":
  version: 2.0.2
  resolution: "require-from-string@npm:2.0.2"
  checksum: 10c0/aaa267e0c5b022fc5fd4eef49d8285086b15f2a1c54b28240fdf03599cbd9c26049fee3eab894f2e1f6ca65e513b030a7c264201e3f005601e80c49fb2937ce2
  languageName: node
  linkType: hard

"semver@npm:^7.3.5, semver@npm:^7.7.4":
  version: 7.8.5
  resolution: "semver@npm:7.8.5"
  bin:
    semver: bin/semver.js
  checksum: 10c0/b1f3127a5be8125a94f37188b361c212466c292c6910adce3ec106cff5dc211ccaedc4739c11bb70fda59d6fc1f040a9bca289f4e093451521a2372e5231fe0c
  languageName: node
  linkType: hard

"strnum@npm:^2.4.1":
  version: 2.4.1
  resolution: "strnum@npm:2.4.1"
  dependencies:
    anynum: "npm:^1.0.1"
  checksum: 10c0/0d6a42bf8a1ad74b0a6c048ecf3bea50757383bcf304877ebe6e62acca5574bc088ce71bfb4de4b89b2ab44c618834c76be5894da04b67c673ff6677788b2638
  languageName: node
  linkType: hard

"tar@npm:^7.5.4":
  version: 7.5.19
  resolution: "tar@npm:7.5.19"
  dependencies:
    "@isaacs/fs-minipass": "npm:^4.0.0"
    chownr: "npm:^3.0.0"
    minipass: "npm:^7.1.2"
    minizlib: "npm:^3.1.0"
    yallist: "npm:^5.0.0"
  checksum: 10c0/7022e8cb04a8ceccc0689f2c731743fa2aab2e3c3f559f7dbc37b65ef7d5913049b427284eded2ec0765c5db5ff72dd7939fe2ae15785ff422cef2116c95d798
  languageName: node
  linkType: hard

"tinyglobby@npm:^0.2.12":
  version: 0.2.17
  resolution: "tinyglobby@npm:0.2.17"
  dependencies:
    fdir: "npm:^6.5.0"
    picomatch: "npm:^4.0.4"
  checksum: 10c0/7f7bb0f197c88bc4b20c231e0deca4240ca3bf313a88f5a7fee93a872b84966a4d50220947c0455ad07a60b3b360961c5b7fd979222aeb716a9f99b412002e4c
  languageName: node
  linkType: hard

"tslib@npm:^2.6.2, tslib@npm:^2.8.1":
  version: 2.8.1
  resolution: "tslib@npm:2.8.1"
  checksum: 10c0/9c4759110a19c53f992d9aae23aac5ced636e99887b51b9e61def52611732872ff7668757d4e4c61f19691e36f4da981cd9485e869b4a7408d689f6bf1f14e62
  languageName: node
  linkType: hard

"tunnel@npm:^0.0.6":
  version: 0.0.6
  resolution: "tunnel@npm:0.0.6"
  checksum: 10c0/e27e7e896f2426c1c747325b5f54efebc1a004647d853fad892b46d64e37591ccd0b97439470795e5262b5c0748d22beb4489a04a0a448029636670bfd801b75
  languageName: node
  linkType: hard

"typescript@npm:^6.0.3":
  version: 6.0.3
  resolution: "typescript@npm:6.0.3"
  bin:
    tsc: bin/tsc
    tsserver: bin/tsserver
  checksum: 10c0/4a25ff5045b984370f48f196b3a0120779b1b343d40b9a68d114ea5e5fff099809b2bb777576991a63a5cd59cf7bffd96ff6fe10afcefbcb8bd6fb96ad4b6606
  languageName: node
  linkType: hard

"typescript@patch:typescript@npm%3A^6.0.3#optional!builtin<compat/typescript>":
  version: 6.0.3
  resolution: "typescript@patch:typescript@npm%3A6.0.3#optional!builtin<compat/typescript>::version=6.0.3&hash=5786d5"
  bin:
    tsc: bin/tsc
    tsserver: bin/tsserver
  checksum: 10c0/2f25c74e65663c248fa1ade2b8459d9ce5372ff9dad07067310f132966ebec1d93f6c42f0baf77a6b6a7a91460463f708e6887013aaade22111037457c6b25df
  languageName: node
  linkType: hard

"undici-types@npm:~7.18.0":
  version: 7.18.2
  resolution: "undici-types@npm:7.18.2"
  checksum: 10c0/85a79189113a238959d7a647368e4f7c5559c3a404ebdb8fc4488145ce9426fcd82252a844a302798dfc0e37e6fb178ff481ed03bc4caf634c5757d9ef43521d
  languageName: node
  linkType: hard

"undici-types@npm:~8.3.0":
  version: 8.3.0
  resolution: "undici-types@npm:8.3.0"
  checksum: 10c0/c8aa7e2fbebfce519654dafadc0ece59be888d2ccaf180fb4495da875e7b536d2456345c384069c7e6f3e9c9ab7435f074957da306f142343eee86ff8048855a
  languageName: node
  linkType: hard

"undici@npm:^6.23.0, undici@npm:^6.25.0":
  version: 6.27.0
  resolution: "undici@npm:6.27.0"
  checksum: 10c0/f88c3dae3957dbf9d93cb481440aced317bd3c4941b5914fea5efba516d51138988cdb5c76006f0bb1337e41d56c3443351055d492e73af2428521c37ba2a76f
  languageName: node
  linkType: hard

"which@npm:^7.0.0":
  version: 7.0.0
  resolution: "which@npm:7.0.0"
  dependencies:
    isexe: "npm:^4.0.0"
  bin:
    node-which: bin/which.js
  checksum: 10c0/ca0b54f198f78bbc4b7c02e34bda8d335cb352e0adb4cbca1c37b1a957af3a879a82c4c27ca6525bc942f548d8b64f816ef6528360af9f3de55ffb9b979b620d
  languageName: node
  linkType: hard

"xml-naming@npm:^0.1.0":
  version: 0.1.0
  resolution: "xml-naming@npm:0.1.0"
  checksum: 10c0/8c7614865361bcb7e53e3e091dac21c567e2b92d447919b2f072775aa9dcfc94a5255bd52fbaa0fd53c93513e53a23a6a835218ad2af512451dbc678392f85fe
  languageName: node
  linkType: hard

"yallist@npm:^5.0.0":
  version: 5.0.0
  resolution: "yallist@npm:5.0.0"
  checksum: 10c0/a499c81ce6d4a1d260d4ea0f6d49ab4da09681e32c3f0472dee16667ed69d01dae63a3b81745a24bd78476ec4fcf856114cb4896ace738e01da34b2c42235416
  languageName: node
  linkType: hard

"yauzl@npm:^3.4.0":
  version: 3.4.0
  resolution: "yauzl@npm:3.4.0"
  dependencies:
    pend: "npm:~1.2.0"
  checksum: 10c0/17a98c42c0065e8af429eb8a61f7a0e4562181ed54080366b838f34f741b6829f167f804787c86b7646bb042707f35871739f053de0548285e405a2eae4da025
  languageName: node
  linkType: hard
